Microsoft Visual Studio Solution File, Format Version 12.00
# Visual Studio Version 17
VisualStudioVersion = 17.5.2.0
MinimumVisualStudioVersion = 10.0.40219.1
Project("{FAE04EC0-301F-11D3-BF4B-00C04F79EFBC}") = "GuitarFretboard", "GuitarFretboard.csproj", "{A8870A92-A1B2-A8B2-EEEC-544BA8A8020D}"
EndProject
Global
	GlobalSection(SolutionConfigurationPlatforms) = preSolution
		Debug|Any CPU = Debug|Any CPU
		Release|Any CPU = Release|Any CPU
	EndGlobalSection
	GlobalSection(ProjectConfigurationPlatforms) = postSolution
		{A8870A92-A1B2-A8B2-EEEC-544BA8A8020D}.Debug|Any CPU.ActiveCfg = Debug|Any CPU
		{A8870A92-A1B2-A8B2-EEEC-544BA8A8020D}.Debug|Any CPU.Build.0 = Debug|Any CPU
		{A8870A92-A1B2-A8B2-EEEC-544BA8A8020D}.Release|Any CPU.ActiveCfg = Release|Any CPU
		{A8870A92-A1B2-A8B2-EEEC-544BA8A8020D}.Release|Any CPU.Build.0 = Release|Any CPU
	EndGlobalSection
	GlobalSection(SolutionProperties) = preSolution
		HideSolutionNode = FALSE
	EndGlobalSection
	GlobalSection(ExtensibilityGlobals) = postSolution
		SolutionGuid = {23E347C3-A2BE-4FEC-BAC8-279F3DA91A90}
	EndGlobalSection
EndGlobal
